
Microsoft Visual Studio Solution File, Format Version 12.00
# Visual Studio Version 16
VisualStudioVersion = 16.0.29509.3
MinimumVisualStudioVersion = 10.0.40219.1
Project("{FAE04EC0-301F-11D3-BF4B-00C04F79EFBC}") = "Pandaros.ZombieWarfare", "Pandaros.ZombieWarfare.csproj", "{EDF7DD0F-8AA3-443C-A9F7-C3F100A86E55}"
EndProject
Global
	GlobalSection(SolutionConfigurationPlatforms) = preSolution
		Debug|Any CPU = Debug|Any CPU
		Release|Any CPU = Release|Any CPU
	EndGlobalSection
	GlobalSection(ProjectConfigurationPlatforms) = postSolution
		{EDF7DD0F-8AA3-443C-A9F7-C3F100A86E55}.Debug|Any CPU.ActiveCfg = Debug|Any CPU
		{EDF7DD0F-8AA3-443C-A9F7-C3F100A86E55}.Debug|Any CPU.Build.0 = Debug|Any CPU
		{EDF7DD0F-8AA3-443C-A9F7-C3F100A86E55}.Release|Any CPU.ActiveCfg = Release|Any CPU
		{EDF7DD0F-8AA3-443C-A9F7-C3F100A86E55}.Release|Any CPU.Build.0 = Release|Any CPU
	EndGlobalSection
	GlobalSection(SolutionProperties) = preSolution
		HideSolutionNode = FALSE
	EndGlobalSection
	GlobalSection(ExtensibilityGlobals) = postSolution
		SolutionGuid = {23845614-848E-4EEE-A500-2B96A8282DEB}
	EndGlobalSection
EndGlobal
